// !$*UTF8*$!
{
	archiveVersion = 1;
	classes = {
	};
	objectVersion = 48;
	objects = {

/* Begin PBXBuildFile section */
		8AD3E7601FD962C400B58591 /* AppDelegate.swift in Sources */ = {isa = PBXBuildFile; fileRef = 8AD3E75F1FD962C400B58591 /* AppDelegate.swift */; };
		8AD3E7621FD962C400B58591 /* ViewController.swift in Sources */ = {isa = PBXBuildFile; fileRef = 8AD3E7611FD962C400B58591 /* ViewController.swift */; };
		8AD3E7651FD962C400B58591 /* Main.storyboard in Resources */ = {isa = PBXBuildFile; fileRef = 8AD3E7631FD962C400B58591 /* Main.storyboard */; };
		8AD3E7671FD962C400B58591 /* Assets.xcassets in Resources */ = {isa = PBXBuildFile; fileRef = 8AD3E7661FD962C400B58591 /* Assets.xcassets */; };
		8AD3E76A1FD962C400B58591 /* LaunchScreen.storyboard in Resources */ = {isa = PBXBuildFile; fileRef = 8AD3E7681FD962C400B58591 /* LaunchScreen.storyboard */; };
/* End PBXBuildFile section */

/* Begin PBXFileReference section */
		8AD3E75C1FD962C400B58591 /* AppForDeviceCachingTest.app */ = {isa = PBXFileReference; explicitFileType = wrapper.application; includeInIndex = 0; path = AppForDeviceCachingTest.app; sourceTree = BUILT_PRODUCTS_DIR; };
		8AD3E75F1FD962C400B58591 /* AppDelegate.swift */ = {isa = PBXFileReference; lastKnownFileType = sourcecode.swift; path = AppDelegate.swift; sourceTree = "<group>"; };
		8AD3E7611FD962C400B58591 /* ViewController.swift */ = {isa = PBXFileReference; lastKnownFileType = sourcecode.swift; path = ViewController.swift; sourceTree = "<group>"; };
		8AD3E7641FD962C400B58591 /* Base */ = {isa = PBXFileReference; lastKnownFileType = file.storyboard; name = Base; path = Base.lproj/Main.storyboard; sourceTree = "<group>"; };
		8AD3E7661FD962C400B58591 /* Assets.xcassets */ = {isa = PBXFileReference; lastKnownFileType = folder.assetcatalog; path = Assets.xcassets; sourceTree = "<group>"; };
		8AD3E7691FD962C400B58591 /* Base */ = {isa = PBXFileReference; lastKnownFileType = file.storyboard; name = Base; path = Base.lproj/LaunchScreen.storyboard; sourceTree = "<group>"; };
		8AD3E76B1FD962C400B58591 /* Info.plist */ = {isa = PBXFileReference; lastKnownFileType = text.plist.xml; path = Info.plist; sourceTree = "<group>"; };
/* End PBXFileReference section */

/* Begin PBXFrameworksBuildPhase section */
		8AD3E7591FD962C400B58591 /* Frameworks */ = {
			isa = PBXFrameworksBuildPhase;
			buildActionMask = 2147483647;
			files = (
			);
			runOnlyForDeploymentPostprocessing = 0;
		};
/* End PBXFrameworksBuildPhase section */

/* Begin PBXGroup section */
		8AD3E7531FD962C400B58591 = {
			isa = PBXGroup;
			children = (
				8AD3E75E1FD962C400B58591 /* AppForDeviceCachingTest */,
				8AD3E75D1FD962C400B58591 /* Products */,
			);
			sourceTree = "<group>";
		};
		8AD3E75D1FD962C400B58591 /* Products */ = {
			isa = PBXGroup;
			children = (
				8AD3E75C1FD962C400B58591 /* AppForDeviceCachingTest.app */,
			);
			name = Products;
			sourceTree = "<group>";
		};
		8AD3E75E1FD962C400B58591 /* AppForDeviceCachingTest */ = {
			isa = PBXGroup;
			children = (
				8AD3E75F1FD962C400B58591 /* AppDelegate.swift */,
				8AD3E7611FD962C400B58591 /* ViewController.swift */,
				8AD3E7631FD962C400B58591 /* Main.storyboard */,
				8AD3E7661FD962C400B58591 /* Assets.xcassets */,
				8AD3E7681FD962C400B58591 /* LaunchScreen.storyboard */,
				8AD3E76B1FD962C400B58591 /* Info.plist */,
			);
			path = AppForDeviceCachingTest;
			sourceTree = "<group>";
		};
/* End PBXGroup section */

/* Begin PBXNativeTarget section */
		8AD3E75B1FD962C400B58591 /* AppForDeviceCachingTest */ = {
			isa = PBXNativeTarget;
			buildConfigurationList = 8AD3E76E1FD962C400B58591 /* Build configuration list for PBXNativeTarget "AppForDeviceCachingTest" */;
			buildPhases = (
				8AD3E7581FD962C400B58591 /* Sources */,
				8AD3E7591FD962C400B58591 /* Frameworks */,
				8AD3E75A1FD962C400B58591 /* Resources */,
			);
			buildRules = (
			);
			dependencies = (
			);
			name = AppForDeviceCachingTest;
			productName = AppForDeviceCachingTest;
			productReference = 8AD3E75C1FD962C400B58591 /* AppForDeviceCachingTest.app */;
			productType = "com.apple.product-type.application";
		};
/* End PBXNativeTarget section */

/* Begin PBXProject section */
		8AD3E7541FD962C400B58591 /* Project object */ = {
			isa = PBXProject;
			attributes = {
				LastSwiftUpdateCheck = 0910;
				LastUpgradeCheck = 0910;
				ORGANIZATIONNAME = SauceLabs;
				TargetAttributes = {
					8AD3E75B1FD962C400B58591 = {
						CreatedOnToolsVersion = 9.1;
						ProvisioningStyle = Automatic;
					};
				};
			};
			buildConfigurationList = 8AD3E7571FD962C400B58591 /* Build configuration list for PBXProject "AppForDeviceCachingTest" */;
			compatibilityVersion = "Xcode 8.0";
			developmentRegion = en;
			hasScannedForEncodings = 0;
			knownRegions = (
				en,
				Base,
			);
			mainGroup = 8AD3E7531FD962C400B58591;
			productRefGroup = 8AD3E75D1FD962C400B58591 /* Products */;
			projectDirPath = "";
			projectRoot = "";
			targets = (
				8AD3E75B1FD962C400B58591 /* AppForDeviceCachingTest */,
			);
		};
/* End PBXProject section */

/* Begin PBXResourcesBuildPhase section */
		8AD3E75A1FD962C400B58591 /* Resources */ = {
			isa = PBXResourcesBuildPhase;
			buildActionMask = 2147483647;
			files = (
				8AD3E76A1FD962C400B58591 /* LaunchScreen.storyboard in Resources */,
				8AD3E7671FD962C400B58591 /* Assets.xcassets in Resources */,
				8AD3E7651FD962C400B58591 /* Main.storyboard in Resources */,
			);
			runOnlyForDeploymentPostprocessing = 0;
		};
/* End PBXResourcesBuildPhase section */

/* Begin PBXSourcesBuildPhase section */
		8AD3E7581FD962C400B58591 /* Sources */ = {
			isa = PBXSourcesBuildPhase;
			buildActionMask = 2147483647;
			files = (
				8AD3E7621FD962C400B58591 /* ViewController.swift in Sources */,
				8AD3E7601FD962C400B58591 /* AppDelegate.swift in Sources */,
			);
			runOnlyForDeploymentPostprocessing = 0;
		};
/* End PBXSourcesBuildPhase section */

/* Begin PBXVariantGroup section */
		8AD3E7631FD962C400B58591 /* Main.storyboard */ = {
			isa = PBXVariantGroup;
			children = (
				8AD3E7641FD962C400B58591 /* Base */,
			);
			name = Main.storyboard;
			sourceTree = "<group>";
		};
		8AD3E7681FD962C400B58591 /* LaunchScreen.storyboard */ = {
			isa = PBXVariantGroup;
			children = (
				8AD3E7691FD962C400B58591 /* Base */,
			);
			name = LaunchScreen.storyboard;
			sourceTree = "<group>";
		};
/* End PBXVariantGroup section */

/* Begin XCBuildConfiguration section */
		8AD3E76C1FD962C400B58591 /* Debug */ = {
			isa = XCBuildConfiguration;
			buildSettings = {
				ALWAYS_SEARCH_USER_PATHS = NO;
				CLANG_ANALYZER_NONNULL = YES;
				CLANG_ANALYZER_NUMBER_OBJECT_CONVERSION = YES_AGGRESSIVE;
				CLANG_CXX_LANGUAGE_STANDARD = "gnu++14";
				CLANG_CXX_LIBRARY = "libc++";
				CLANG_ENABLE_MODULES = YES;
				CLANG_ENABLE_OBJC_ARC = YES;
				CLANG_WARN_BLOCK_CAPTURE_AUTORELEASING = YES;
				CLANG_WARN_BOOL_CONVERSION = YES;
				CLANG_WARN_COMMA = YES;
				CLANG_WARN_CONSTANT_CONVERSION = YES;
				CLANG_WARN_DIRECT_OBJC_ISA_USAGE = YES_ERROR;
				CLANG_WARN_DOCUMENTATION_COMMENTS = YES;
				CLANG_WARN_EMPTY_BODY = YES;
				CLANG_WARN_ENUM_CONVERSION = YES;
				CLANG_WARN_INFINITE_RECURSION = YES;
				CLANG_WARN_INT_CONVERSION = YES;
				CLANG_WARN_NON_LITERAL_NULL_CONVERSION = YES;
				CLANG_WARN_OBJC_LITERAL_CONVERSION = YES;
				CLANG_WARN_OBJC_ROOT_CLASS = YES_ERROR;
				CLANG_WARN_RANGE_LOOP_ANALYSIS = YES;
				CLANG_WARN_STRICT_PROTOTYPES = YES;
				CLANG_WARN_SUSPICIOUS_MOVE = YES;
				CLANG_WARN_UNGUARDED_AVAILABILITY = YES_AGGRESSIVE;
				CLANG_WARN_UNREACHABLE_CODE = YES;
				CLANG_WARN__DUPLICATE_METHOD_MATCH = YES;
				CODE_SIGN_IDENTITY = "iPhone Developer";
				COPY_PHASE_STRIP = NO;
				DEBUG_INFORMATION_FORMAT = dwarf;
				ENABLE_STRICT_OBJC_MSGSEND = YES;
				ENABLE_TESTABILITY = YES;
				GCC_C_LANGUAGE_STANDARD = gnu11;
				GCC_DYNAMIC_NO_PIC = NO;
				GCC_NO_COMMON_BLOCKS = YES;
				GCC_OPTIMIZATION_LEVEL = 0;
				GCC_PREPROCESSOR_DEFINITIONS = (
					"DEBUG=1",
					"$(inherited)",
				);
				GCC_WARN_64_TO_32_BIT_CONVERSION = YES;
				GCC_WARN_ABOUT_RETURN_TYPE = YES_ERROR;
				GCC_WARN_UNDECLARED_SELECTOR = YES;
				GCC_WARN_UNINITIALIZED_AUTOS = YES_AGGRESSIVE;
				GCC_WARN_UNUSED_FUNCTION = YES;
				GCC_WARN_UNUSED_VARIABLE = YES;
				IPHONEOS_DEPLOYMENT_TARGET = 11.1;
				MTL_ENABLE_DEBUG_INFO = YES;
				ONLY_ACTIVE_ARCH = YES;
				SDKROOT = iphoneos;
				SWIFT_ACTIVE_COMPILATION_CONDITIONS = DEBUG;
				SWIFT_OPTIMIZATION_LEVEL = "-Onone";
			};
			name = Debug;
		};
		8AD3E76D1FD962C400B58591 /* Release */ = {
			isa = XCBuildConfiguration;
			buildSettings = {
				ALWAYS_SEARCH_USER_PATHS = NO;
				CLANG_ANALYZER_NONNULL = YES;
				CLANG_ANALYZER_NUMBER_OBJECT_CONVERSION = YES_AGGRESSIVE;
				CLANG_CXX_LANGUAGE_STANDARD = "gnu++14";
				CLANG_CXX_LIBRARY = "libc++";
				CLANG_ENABLE_MODULES = YES;
				CLANG_ENABLE_OBJC_ARC = YES;
				CLANG_WARN_BLOCK_CAPTURE_AUTORELEASING = YES;
				CLANG_WARN_BOOL_CONVERSION = YES;
				CLANG_WARN_COMMA = YES;
				CLANG_WARN_CONSTANT_CONVERSION = YES;
				CLANG_WARN_DIRECT_OBJC_ISA_USAGE = YES_ERROR;
				CLANG_WARN_DOCUMENTATION_COMMENTS = YES;
				CLANG_WARN_EMPTY_BODY = YES;
				CLANG_WARN_ENUM_CONVERSION = YES;
				CLANG_WARN_INFINITE_RECURSION = YES;
				CLANG_WARN_INT_CONVERSION = YES;
				CLANG_WARN_NON_LITERAL_NULL_CONVERSION = YES;
				CLANG_WARN_OBJC_LITERAL_CONVERSION = YES;
				CLANG_WARN_OBJC_ROOT_CLASS = YES_ERROR;
				CLANG_WARN_RANGE_LOOP_ANALYSIS = YES;
				CLANG_WARN_STRICT_PROTOTYPES = YES;
				CLANG_WARN_SUSPICIOUS_MOVE = YES;
				CLANG_WARN_UNGUARDED_AVAILABILITY = YES_AGGRESSIVE;
				CLANG_WARN_UNREACHABLE_CODE = YES;
				CLANG_WARN__DUPLICATE_METHOD_MATCH = YES;
				CODE_SIGN_IDENTITY = "iPhone Developer";
				COPY_PHASE_STRIP = NO;
				DEBUG_INFORMATION_FORMAT = "dwarf-with-dsym";
				ENABLE_NS_ASSERTIONS = NO;
				ENABLE_STRICT_OBJC_MSGSEND = YES;
				GCC_C_LANGUAGE_STANDARD = gnu11;
				GCC_NO_COMMON_BLOCKS = YES;
				GCC_WARN_64_TO_32_BIT_CONVERSION = YES;
				GCC_WARN_ABOUT_RETURN_TYPE = YES_ERROR;
				GCC_WARN_UNDECLARED_SELECTOR = YES;
				GCC_WARN_UNINITIALIZED_AUTOS = YES_AGGRESSIVE;
				GCC_WARN_UNUSED_FUNCTION = YES;
				GCC_WARN_UNUSED_VARIABLE = YES;
				IPHONEOS_DEPLOYMENT_TARGET = 11.1;
				MTL_ENABLE_DEBUG_INFO = NO;
				SDKROOT = iphoneos;
				SWIFT_OPTIMIZATION_LEVEL = "-Owholemodule";
				VALIDATE_PRODUCT = YES;
			};
			name = Release;
		};
		8AD3E76F1FD962C400B58591 /* Debug */ = {
			isa = XCBuildConfiguration;
			buildSettings = {
				ASSETCATALOG_COMPILER_APPICON_NAME = AppIcon;
				CODE_SIGN_STYLE = Automatic;
				DEVELOPMENT_TEAM = 2E2WMYNZB5;
				INFOPLIST_FILE = AppForDeviceCachingTest/Info.plist;
				IPHONEOS_DEPLOYMENT_TARGET = 9.3;
				LD_RUNPATH_SEARCH_PATHS = "$(inherited) @executable_path/Frameworks";
				PRODUCT_BUNDLE_IDENTIFIER = org.testobject.AppForDeviceCachingTest;
				PRODUCT_NAME = "$(TARGET_NAME)";
				SWIFT_VERSION = 4.0;
				TARGETED_DEVICE_FAMILY = "1,2";
			};
			name = Debug;
		};
		8AD3E7701FD962C400B58591 /* Release */ = {
			isa = XCBuildConfiguration;
			buildSettings = {
				ASSETCATALOG_COMPILER_APPICON_NAME = AppIcon;
				CODE_SIGN_STYLE = Automatic;
				DEVELOPMENT_TEAM = 2E2WMYNZB5;
				INFOPLIST_FILE = AppForDeviceCachingTest/Info.plist;
				IPHONEOS_DEPLOYMENT_TARGET = 9.3;
				LD_RUNPATH_SEARCH_PATHS = "$(inherited) @executable_path/Frameworks";
				PRODUCT_BUNDLE_IDENTIFIER = org.testobject.AppForDeviceCachingTest;
				PRODUCT_NAME = "$(TARGET_NAME)";
				SWIFT_VERSION = 4.0;
				TARGETED_DEVICE_FAMILY = "1,2";
			};
			name = Release;
		};
/* End XCBuildConfiguration section */

/* Begin XCConfigurationList section */
		8AD3E7571FD962C400B58591 /* Build configuration list for PBXProject "AppForDeviceCachingTest" */ = {
			isa = XCConfigurationList;
			buildConfigurations = (
				8AD3E76C1FD962C400B58591 /* Debug */,
				8AD3E76D1FD962C400B58591 /* Release */,
			);
			defaultConfigurationIsVisible = 0;
			defaultConfigurationName = Release;
		};
		8AD3E76E1FD962C400B58591 /* Build configuration list for PBXNativeTarget "AppForDeviceCachingTest" */ = {
			isa = XCConfigurationList;
			buildConfigurations = (
				8AD3E76F1FD962C400B58591 /* Debug */,
				8AD3E7701FD962C400B58591 /* Release */,
			);
			defaultConfigurationIsVisible = 0;
			defaultConfigurationName = Release;
		};
/* End XCConfigurationList section */
	};
	rootObject = 8AD3E7541FD962C400B58591 /* Project object */;
}
